
Microsoft Visual Studio Solution File, Format Version 12.00
# Visual Studio 15
VisualStudioVersion = 15.0.27130.2036
MinimumVisualStudioVersion = 10.0.40219.1
Project("{FAE04EC0-301F-11D3-BF4B-00C04F79EFBC}") = "Kolben", "lib\kolben\Kolben\Kolben.csproj", "{ED665F9B-07F4-4415-BD72-A728CF1EA909}"
EndProject
Project("{2150E333-8FDC-42A3-9474-1A3956D46DE8}") = "lib", "lib", "{CFBAFDA6-F979-4C6F-BD47-EDFF407B01BF}"
EndProject
Project("{FAE04EC0-301F-11D3-BF4B-00C04F79EFBC}") = "GameDevCommon", "lib\Game-Dev-Common\src\GameDevCommon\GameDevCommon.csproj", "{087378EE-7591-47CE-979F-6824FC0606EF}"
EndProject
Project("{FAE04EC0-301F-11D3-BF4B-00C04F79EFBC}") = "PTCG.ContentPipeline", "lib\PTCG.ContentPipeline\PTCG.ContentPipeline.csproj", "{D7FD8BAA-5676-4589-B6BD-1D7341682CD4}"
EndProject
Project("{2150E333-8FDC-42A3-9474-1A3956D46DE8}") = "tools", "tools", "{AC5174C2-3F7E-4807-B386-A5C78418A50A}"
EndProject
Project("{FAE04EC0-301F-11D3-BF4B-00C04F79EFBC}") = "MinispriteExtractor", "lib\tools\MinispriteExtractor\MinispriteExtractor.csproj", "{C0A8FDF2-A869-4C0C-9D52-BF7CE6D3E3E7}"
EndProject
Project("{FAE04EC0-301F-11D3-BF4B-00C04F79EFBC}") = "SpriteGenerator", "lib\tools\SpriteGenerator\SpriteGenerator.csproj", "{CB10CAF8-F2C8-4746-B773-7D7CF85520BF}"
EndProject
Project("{FAE04EC0-301F-11D3-BF4B-00C04F79EFBC}") = "PokemonDataGen", "lib\tools\PokemonDataGen\PokemonDataGen.csproj", "{F1B5B19A-BEA2-44A1-B0DC-55491DCEAA56}"
EndProject
Project("{FAE04EC0-301F-11D3-BF4B-00C04F79EFBC}") = "PokemonRedux", "PokemonRedux\PokemonRedux.csproj", "{5BAFF3F7-C8EC-44A0-AF69-6B38F3175A0D}"
EndProject
Global
	GlobalSection(SolutionConfigurationPlatforms) = preSolution
		Debug|Any CPU = Debug|Any CPU
		Debug|x64 = Debug|x64
		Debug|x86 = Debug|x86
		Release|Any CPU = Release|Any CPU
		Release|x64 = Release|x64
		Release|x86 = Release|x86
	EndGlobalSection
	GlobalSection(ProjectConfigurationPlatforms) = postSolution
		{ED665F9B-07F4-4415-BD72-A728CF1EA909}.Debug|Any CPU.ActiveCfg = Debug|Any CPU
		{ED665F9B-07F4-4415-BD72-A728CF1EA909}.Debug|Any CPU.Build.0 = Debug|Any CPU
		{ED665F9B-07F4-4415-BD72-A728CF1EA909}.Debug|x64.ActiveCfg = Debug|Any CPU
		{ED665F9B-07F4-4415-BD72-A728CF1EA909}.Debug|x64.Build.0 = Debug|Any CPU
		{ED665F9B-07F4-4415-BD72-A728CF1EA909}.Debug|x86.ActiveCfg = Debug|Any CPU
		{ED665F9B-07F4-4415-BD72-A728CF1EA909}.Debug|x86.Build.0 = Debug|Any CPU
		{ED665F9B-07F4-4415-BD72-A728CF1EA909}.Release|Any CPU.ActiveCfg = Release|Any CPU
		{ED665F9B-07F4-4415-BD72-A728CF1EA909}.Release|Any CPU.Build.0 = Release|Any CPU
		{ED665F9B-07F4-4415-BD72-A728CF1EA909}.Release|x64.ActiveCfg = Release|Any CPU
		{ED665F9B-07F4-4415-BD72-A728CF1EA909}.Release|x64.Build.0 = Release|Any CPU
		{ED665F9B-07F4-4415-BD72-A728CF1EA909}.Release|x86.ActiveCfg = Release|Any CPU
		{ED665F9B-07F4-4415-BD72-A728CF1EA909}.Release|x86.Build.0 = Release|Any CPU
		{087378EE-7591-47CE-979F-6824FC0606EF}.Debug|Any CPU.ActiveCfg = Debug|Any CPU
		{087378EE-7591-47CE-979F-6824FC0606EF}.Debug|Any CPU.Build.0 = Debug|Any CPU
		{087378EE-7591-47CE-979F-6824FC0606EF}.Debug|x64.ActiveCfg = Debug|Any CPU
		{087378EE-7591-47CE-979F-6824FC0606EF}.Debug|x64.Build.0 = Debug|Any CPU
		{087378EE-7591-47CE-979F-6824FC0606EF}.Debug|x86.ActiveCfg = Debug|Any CPU
		{087378EE-7591-47CE-979F-6824FC0606EF}.Debug|x86.Build.0 = Debug|Any CPU
		{087378EE-7591-47CE-979F-6824FC0606EF}.Release|Any CPU.ActiveCfg = Release|Any CPU
		{087378EE-7591-47CE-979F-6824FC0606EF}.Release|Any CPU.Build.0 = Release|Any CPU
		{087378EE-7591-47CE-979F-6824FC0606EF}.Release|x64.ActiveCfg = Release|Any CPU
		{087378EE-7591-47CE-979F-6824FC0606EF}.Release|x64.Build.0 = Release|Any CPU
		{087378EE-7591-47CE-979F-6824FC0606EF}.Release|x86.ActiveCfg = Release|Any CPU
		{087378EE-7591-47CE-979F-6824FC0606EF}.Release|x86.Build.0 = Release|Any CPU
		{D7FD8BAA-5676-4589-B6BD-1D7341682CD4}.Debug|Any CPU.ActiveCfg = Debug|Any CPU
		{D7FD8BAA-5676-4589-B6BD-1D7341682CD4}.Debug|Any CPU.Build.0 = Debug|Any CPU
		{D7FD8BAA-5676-4589-B6BD-1D7341682CD4}.Debug|x64.ActiveCfg = Debug|Any CPU
		{D7FD8BAA-5676-4589-B6BD-1D7341682CD4}.Debug|x64.Build.0 = Debug|Any CPU
		{D7FD8BAA-5676-4589-B6BD-1D7341682CD4}.Debug|x86.ActiveCfg = Debug|Any CPU
		{D7FD8BAA-5676-4589-B6BD-1D7341682CD4}.Debug|x86.Build.0 = Debug|Any CPU
		{D7FD8BAA-5676-4589-B6BD-1D7341682CD4}.Release|Any CPU.ActiveCfg = Release|Any CPU
		{D7FD8BAA-5676-4589-B6BD-1D7341682CD4}.Release|Any CPU.Build.0 = Release|Any CPU
		{D7FD8BAA-5676-4589-B6BD-1D7341682CD4}.Release|x64.ActiveCfg = Release|Any CPU
		{D7FD8BAA-5676-4589-B6BD-1D7341682CD4}.Release|x64.Build.0 = Release|Any CPU
		{D7FD8BAA-5676-4589-B6BD-1D7341682CD4}.Release|x86.ActiveCfg = Release|Any CPU
		{D7FD8BAA-5676-4589-B6BD-1D7341682CD4}.Release|x86.Build.0 = Release|Any CPU
		{C0A8FDF2-A869-4C0C-9D52-BF7CE6D3E3E7}.Debug|Any CPU.ActiveCfg = Debug|Any CPU
		{C0A8FDF2-A869-4C0C-9D52-BF7CE6D3E3E7}.Debug|Any CPU.Build.0 = Debug|Any CPU
		{C0A8FDF2-A869-4C0C-9D52-BF7CE6D3E3E7}.Debug|x64.ActiveCfg = Debug|Any CPU
		{C0A8FDF2-A869-4C0C-9D52-BF7CE6D3E3E7}.Debug|x64.Build.0 = Debug|Any CPU
		{C0A8FDF2-A869-4C0C-9D52-BF7CE6D3E3E7}.Debug|x86.ActiveCfg = Debug|Any CPU
		{C0A8FDF2-A869-4C0C-9D52-BF7CE6D3E3E7}.Debug|x86.Build.0 = Debug|Any CPU
		{C0A8FDF2-A869-4C0C-9D52-BF7CE6D3E3E7}.Release|Any CPU.ActiveCfg = Release|Any CPU
		{C0A8FDF2-A869-4C0C-9D52-BF7CE6D3E3E7}.Release|Any CPU.Build.0 = Release|Any CPU
		{C0A8FDF2-A869-4C0C-9D52-BF7CE6D3E3E7}.Release|x64.ActiveCfg = Release|Any CPU
		{C0A8FDF2-A869-4C0C-9D52-BF7CE6D3E3E7}.Release|x64.Build.0 = Release|Any CPU
		{C0A8FDF2-A869-4C0C-9D52-BF7CE6D3E3E7}.Release|x86.ActiveCfg = Release|Any CPU
		{C0A8FDF2-A869-4C0C-9D52-BF7CE6D3E3E7}.Release|x86.Build.0 = Release|Any CPU
		{CB10CAF8-F2C8-4746-B773-7D7CF85520BF}.Debug|Any CPU.ActiveCfg = Debug|Any CPU
		{CB10CAF8-F2C8-4746-B773-7D7CF85520BF}.Debug|Any CPU.Build.0 = Debug|Any CPU
		{CB10CAF8-F2C8-4746-B773-7D7CF85520BF}.Debug|x64.ActiveCfg = Debug|Any CPU
		{CB10CAF8-F2C8-4746-B773-7D7CF85520BF}.Debug|x64.Build.0 = Debug|Any CPU
		{CB10CAF8-F2C8-4746-B773-7D7CF85520BF}.Debug|x86.ActiveCfg = Debug|Any CPU
		{CB10CAF8-F2C8-4746-B773-7D7CF85520BF}.Debug|x86.Build.0 = Debug|Any CPU
		{CB10CAF8-F2C8-4746-B773-7D7CF85520BF}.Release|Any CPU.ActiveCfg = Release|Any CPU
		{CB10CAF8-F2C8-4746-B773-7D7CF85520BF}.Release|Any CPU.Build.0 = Release|Any CPU
		{CB10CAF8-F2C8-4746-B773-7D7CF85520BF}.Release|x64.ActiveCfg = Release|Any CPU
		{CB10CAF8-F2C8-4746-B773-7D7CF85520BF}.Release|x64.Build.0 = Release|Any CPU
		{CB10CAF8-F2C8-4746-B773-7D7CF85520BF}.Release|x86.ActiveCfg = Release|Any CPU
		{CB10CAF8-F2C8-4746-B773-7D7CF85520BF}.Release|x86.Build.0 = Release|Any CPU
		{F1B5B19A-BEA2-44A1-B0DC-55491DCEAA56}.Debug|Any CPU.ActiveCfg = Debug|Any CPU
		{F1B5B19A-BEA2-44A1-B0DC-55491DCEAA56}.Debug|Any CPU.Build.0 = Debug|Any CPU
		{F1B5B19A-BEA2-44A1-B0DC-55491DCEAA56}.Debug|x64.ActiveCfg = Debug|Any CPU
		{F1B5B19A-BEA2-44A1-B0DC-55491DCEAA56}.Debug|x64.Build.0 = Debug|Any CPU
		{F1B5B19A-BEA2-44A1-B0DC-55491DCEAA56}.Debug|x86.ActiveCfg = Debug|Any CPU
		{F1B5B19A-BEA2-44A1-B0DC-55491DCEAA56}.Debug|x86.Build.0 = Debug|Any CPU
		{F1B5B19A-BEA2-44A1-B0DC-55491DCEAA56}.Release|Any CPU.ActiveCfg = Release|Any CPU
		{F1B5B19A-BEA2-44A1-B0DC-55491DCEAA56}.Release|Any CPU.Build.0 = Release|Any CPU
		{F1B5B19A-BEA2-44A1-B0DC-55491DCEAA56}.Release|x64.ActiveCfg = Release|Any CPU
		{F1B5B19A-BEA2-44A1-B0DC-55491DCEAA56}.Release|x64.Build.0 = Release|Any CPU
		{F1B5B19A-BEA2-44A1-B0DC-55491DCEAA56}.Release|x86.ActiveCfg = Release|Any CPU
		{F1B5B19A-BEA2-44A1-B0DC-55491DCEAA56}.Release|x86.Build.0 = Release|Any CPU
		{5BAFF3F7-C8EC-44A0-AF69-6B38F3175A0D}.Debug|Any CPU.ActiveCfg = Debug|Any CPU
		{5BAFF3F7-C8EC-44A0-AF69-6B38F3175A0D}.Debug|Any CPU.Build.0 = Debug|Any CPU
		{5BAFF3F7-C8EC-44A0-AF69-6B38F3175A0D}.Debug|x64.ActiveCfg = Debug|Any CPU
		{5BAFF3F7-C8EC-44A0-AF69-6B38F3175A0D}.Debug|x64.Build.0 = Debug|Any CPU
		{5BAFF3F7-C8EC-44A0-AF69-6B38F3175A0D}.Debug|x86.ActiveCfg = Debug|Any CPU
		{5BAFF3F7-C8EC-44A0-AF69-6B38F3175A0D}.Debug|x86.Build.0 = Debug|Any CPU
		{5BAFF3F7-C8EC-44A0-AF69-6B38F3175A0D}.Release|Any CPU.ActiveCfg = Release|Any CPU
		{5BAFF3F7-C8EC-44A0-AF69-6B38F3175A0D}.Release|Any CPU.Build.0 = Release|Any CPU
		{5BAFF3F7-C8EC-44A0-AF69-6B38F3175A0D}.Release|x64.ActiveCfg = Release|Any CPU
		{5BAFF3F7-C8EC-44A0-AF69-6B38F3175A0D}.Release|x64.Build.0 = Release|Any CPU
		{5BAFF3F7-C8EC-44A0-AF69-6B38F3175A0D}.Release|x86.ActiveCfg = Release|Any CPU
		{5BAFF3F7-C8EC-44A0-AF69-6B38F3175A0D}.Release|x86.Build.0 = Release|Any CPU
	EndGlobalSection
	GlobalSection(SolutionProperties) = preSolution
		HideSolutionNode = FALSE
	EndGlobalSection
	GlobalSection(NestedProjects) = preSolution
		{ED665F9B-07F4-4415-BD72-A728CF1EA909} = {CFBAFDA6-F979-4C6F-BD47-EDFF407B01BF}
		{087378EE-7591-47CE-979F-6824FC0606EF} = {CFBAFDA6-F979-4C6F-BD47-EDFF407B01BF}
		{D7FD8BAA-5676-4589-B6BD-1D7341682CD4} = {CFBAFDA6-F979-4C6F-BD47-EDFF407B01BF}
		{AC5174C2-3F7E-4807-B386-A5C78418A50A} = {CFBAFDA6-F979-4C6F-BD47-EDFF407B01BF}
		{C0A8FDF2-A869-4C0C-9D52-BF7CE6D3E3E7} = {AC5174C2-3F7E-4807-B386-A5C78418A50A}
		{CB10CAF8-F2C8-4746-B773-7D7CF85520BF} = {AC5174C2-3F7E-4807-B386-A5C78418A50A}
		{F1B5B19A-BEA2-44A1-B0DC-55491DCEAA56} = {AC5174C2-3F7E-4807-B386-A5C78418A50A}
	EndGlobalSection
	GlobalSection(ExtensibilityGlobals) = postSolution
		SolutionGuid = {BA14910E-669D-4DED-AFED-D31CD2229BD0}
	EndGlobalSection
EndGlobal
