
Microsoft Visual Studio Solution File, Format Version 12.00
# Visual Studio 15
VisualStudioVersion = 15.0.27004.2005
MinimumVisualStudioVersion = 10.0.40219.1
Project("{FAE04EC0-301F-11D3-BF4B-00C04F79EFBC}") = "PTCG", "PTCG\PTCG.csproj", "{4A492620-FF29-4E4A-9729-34AF6D5945B7}"
EndProject
Project("{FAE04EC0-301F-11D3-BF4B-00C04F79EFBC}") = "Kolben", "lib\kolben\Kolben\Kolben.csproj", "{ED665F9B-07F4-4415-BD72-A728CF1EA909}"
EndProject
Project("{2150E333-8FDC-42A3-9474-1A3956D46DE8}") = "lib", "lib", "{CFBAFDA6-F979-4C6F-BD47-EDFF407B01BF}"
EndProject
Project("{FAE04EC0-301F-11D3-BF4B-00C04F79EFBC}") = "GameDevCommon", "lib\Game-Dev-Common\src\GameDevCommon\GameDevCommon.csproj", "{087378EE-7591-47CE-979F-6824FC0606EF}"
EndProject
Global
	GlobalSection(SolutionConfigurationPlatforms) = preSolution
		Debug|Any CPU = Debug|Any CPU
		Debug|x64 = Debug|x64
		Debug|x86 = Debug|x86
		Release|Any CPU = Release|Any CPU
		Release|x64 = Release|x64
		Release|x86 = Release|x86
	EndGlobalSection
	GlobalSection(ProjectConfigurationPlatforms) = postSolution
		{4A492620-FF29-4E4A-9729-34AF6D5945B7}.Debug|Any CPU.ActiveCfg = Debug|Any CPU
		{4A492620-FF29-4E4A-9729-34AF6D5945B7}.Debug|Any CPU.Build.0 = Debug|Any CPU
		{4A492620-FF29-4E4A-9729-34AF6D5945B7}.Debug|x64.ActiveCfg = Debug|Any CPU
		{4A492620-FF29-4E4A-9729-34AF6D5945B7}.Debug|x64.Build.0 = Debug|Any CPU
		{4A492620-FF29-4E4A-9729-34AF6D5945B7}.Debug|x86.ActiveCfg = Debug|Any CPU
		{4A492620-FF29-4E4A-9729-34AF6D5945B7}.Debug|x86.Build.0 = Debug|Any CPU
		{4A492620-FF29-4E4A-9729-34AF6D5945B7}.Release|Any CPU.ActiveCfg = Release|Any CPU
		{4A492620-FF29-4E4A-9729-34AF6D5945B7}.Release|Any CPU.Build.0 = Release|Any CPU
		{4A492620-FF29-4E4A-9729-34AF6D5945B7}.Release|x64.ActiveCfg = Release|Any CPU
		{4A492620-FF29-4E4A-9729-34AF6D5945B7}.Release|x64.Build.0 = Release|Any CPU
		{4A492620-FF29-4E4A-9729-34AF6D5945B7}.Release|x86.ActiveCfg = Release|Any CPU
		{4A492620-FF29-4E4A-9729-34AF6D5945B7}.Release|x86.Build.0 = Release|Any CPU
		{ED665F9B-07F4-4415-BD72-A728CF1EA909}.Debug|Any CPU.ActiveCfg = Debug|Any CPU
		{ED665F9B-07F4-4415-BD72-A728CF1EA909}.Debug|Any CPU.Build.0 = Debug|Any CPU
		{ED665F9B-07F4-4415-BD72-A728CF1EA909}.Debug|x64.ActiveCfg = Debug|Any CPU
		{ED665F9B-07F4-4415-BD72-A728CF1EA909}.Debug|x64.Build.0 = Debug|Any CPU
		{ED665F9B-07F4-4415-BD72-A728CF1EA909}.Debug|x86.ActiveCfg = Debug|Any CPU
		{ED665F9B-07F4-4415-BD72-A728CF1EA909}.Debug|x86.Build.0 = Debug|Any CPU
		{ED665F9B-07F4-4415-BD72-A728CF1EA909}.Release|Any CPU.ActiveCfg = Release|Any CPU
		{ED665F9B-07F4-4415-BD72-A728CF1EA909}.Release|Any CPU.Build.0 = Release|Any CPU
		{ED665F9B-07F4-4415-BD72-A728CF1EA909}.Release|x64.ActiveCfg = Release|Any CPU
		{ED665F9B-07F4-4415-BD72-A728CF1EA909}.Release|x64.Build.0 = Release|Any CPU
		{ED665F9B-07F4-4415-BD72-A728CF1EA909}.Release|x86.ActiveCfg = Release|Any CPU
		{ED665F9B-07F4-4415-BD72-A728CF1EA909}.Release|x86.Build.0 = Release|Any CPU
		{087378EE-7591-47CE-979F-6824FC0606EF}.Debug|Any CPU.ActiveCfg = Debug|Any CPU
		{087378EE-7591-47CE-979F-6824FC0606EF}.Debug|Any CPU.Build.0 = Debug|Any CPU
		{087378EE-7591-47CE-979F-6824FC0606EF}.Debug|x64.ActiveCfg = Debug|Any CPU
		{087378EE-7591-47CE-979F-6824FC0606EF}.Debug|x64.Build.0 = Debug|Any CPU
		{087378EE-7591-47CE-979F-6824FC0606EF}.Debug|x86.ActiveCfg = Debug|Any CPU
		{087378EE-7591-47CE-979F-6824FC0606EF}.Debug|x86.Build.0 = Debug|Any CPU
		{087378EE-7591-47CE-979F-6824FC0606EF}.Release|Any CPU.ActiveCfg = Release|Any CPU
		{087378EE-7591-47CE-979F-6824FC0606EF}.Release|Any CPU.Build.0 = Release|Any CPU
		{087378EE-7591-47CE-979F-6824FC0606EF}.Release|x64.ActiveCfg = Release|Any CPU
		{087378EE-7591-47CE-979F-6824FC0606EF}.Release|x64.Build.0 = Release|Any CPU
		{087378EE-7591-47CE-979F-6824FC0606EF}.Release|x86.ActiveCfg = Release|Any CPU
		{087378EE-7591-47CE-979F-6824FC0606EF}.Release|x86.Build.0 = Release|Any CPU
	EndGlobalSection
	GlobalSection(SolutionProperties) = preSolution
		HideSolutionNode = FALSE
	EndGlobalSection
	GlobalSection(NestedProjects) = preSolution
		{ED665F9B-07F4-4415-BD72-A728CF1EA909} = {CFBAFDA6-F979-4C6F-BD47-EDFF407B01BF}
		{087378EE-7591-47CE-979F-6824FC0606EF} = {CFBAFDA6-F979-4C6F-BD47-EDFF407B01BF}
	EndGlobalSection
	GlobalSection(ExtensibilityGlobals) = postSolution
		SolutionGuid = {BA14910E-669D-4DED-AFED-D31CD2229BD0}
	EndGlobalSection
EndGlobal
